
Microsoft Visual Studio Solution File, Format Version 12.00
# Visual Studio 2012
Project("{8BC9CEB8-8B4A-11D0-8D11-00A0C91BC942}") = "subprogram", "subprogram\subprogram.vcxproj", "{9FE2B403-76E2-4BEC-BA29-F4DE0F3A3B6B}"
EndProject
Global
	GlobalSection(SolutionConfigurationPlatforms) = preSolution
		Debug|Win32 = Debug|Win32
		Release|Win32 = Release|Win32
	EndGlobalSection
	GlobalSection(ProjectConfigurationPlatforms) = postSolution
		{9FE2B403-76E2-4BEC-BA29-F4DE0F3A3B6B}.Debug|Win32.ActiveCfg = Debug|Win32
		{9FE2B403-76E2-4BEC-BA29-F4DE0F3A3B6B}.Debug|Win32.Build.0 = Debug|Win32
		{9FE2B403-76E2-4BEC-BA29-F4DE0F3A3B6B}.Release|Win32.ActiveCfg = Release|Win32
		{9FE2B403-76E2-4BEC-BA29-F4DE0F3A3B6B}.Release|Win32.Build.0 = Release|Win32
	EndGlobalSection
	GlobalSection(SolutionProperties) = preSolution
		HideSolutionNode = FALSE
	EndGlobalSection
EndGlobal
